// !$*UTF8*$!
{
	archiveVersion = 1;
	classes = {
	};
	objectVersion = 56;
	objects = {

/* Begin PBXBuildFile section */
		6793AF5D29C9503E009C16FD /* RMLocation.swift in Sources */ = {isa = PBXBuildFile; fileRef = 6793AF5C29C9503E009C16FD /* RMLocation.swift */; };
		6793AF5F29C95062009C16FD /* RMCharacter.swift in Sources */ = {isa = PBXBuildFile; fileRef = 6793AF5E29C95062009C16FD /* RMCharacter.swift */; };
		6793AF6129C9507D009C16FD /* RMEpisode.swift in Sources */ = {isa = PBXBuildFile; fileRef = 6793AF6029C9507D009C16FD /* RMEpisode.swift */; };
		6793AF6F29C95704009C16FD /* RMTabBarViewController.swift in Sources */ = {isa = PBXBuildFile; fileRef = 6793AF6E29C95703009C16FD /* RMTabBarViewController.swift */; };
		6793AF7129C957EF009C16FD /* RMCharacterViewController.swift in Sources */ = {isa = PBXBuildFile; fileRef = 6793AF7029C957EF009C16FD /* RMCharacterViewController.swift */; };
		6793AF7329C958D1009C16FD /* RMLocationViewController.swift in Sources */ = {isa = PBXBuildFile; fileRef = 6793AF7229C958D1009C16FD /* RMLocationViewController.swift */; };
		6793AF7529C958F0009C16FD /* RMEpisodeViewController.swift in Sources */ = {isa = PBXBuildFile; fileRef = 6793AF7429C958F0009C16FD /* RMEpisodeViewController.swift */; };
		6793AF7729C9591B009C16FD /* RMSettingsViewController.swift in Sources */ = {isa = PBXBuildFile; fileRef = 6793AF7629C9591B009C16FD /* RMSettingsViewController.swift */; };
		6793AF7929C97958009C16FD /* RMService.swift in Sources */ = {isa = PBXBuildFile; fileRef = 6793AF7829C97957009C16FD /* RMService.swift */; };
		6793AF7B29C9797E009C16FD /* RMRequest.swift in Sources */ = {isa = PBXBuildFile; fileRef = 6793AF7A29C9797E009C16FD /* RMRequest.swift */; };
		6793AF7D29C97A8E009C16FD /* RMEndpoint.swift in Sources */ = {isa = PBXBuildFile; fileRef = 6793AF7C29C97A8E009C16FD /* RMEndpoint.swift */; };
		67F4C89E29C946C400407ADB /* AppDelegate.swift in Sources */ = {isa = PBXBuildFile; fileRef = 67F4C89D29C946C400407ADB /* AppDelegate.swift */; };
		67F4C8A029C946C400407ADB /* SceneDelegate.swift in Sources */ = {isa = PBXBuildFile; fileRef = 67F4C89F29C946C400407ADB /* SceneDelegate.swift */; };
		67F4C8A729C946C800407ADB /* Assets.xcassets in Resources */ = {isa = PBXBuildFile; fileRef = 67F4C8A629C946C800407ADB /* Assets.xcassets */; };
		67F4C8AA29C946C800407ADB /* LaunchScreen.storyboard in Resources */ = {isa = PBXBuildFile; fileRef = 67F4C8A829C946C800407ADB /* LaunchScreen.storyboard */; };
/* End PBXBuildFile section */

/* Begin PBXFileReference section */
		6793AF5C29C9503E009C16FD /* RMLocation.swift */ = {isa = PBXFileReference; lastKnownFileType = sourcecode.swift; path = RMLocation.swift; sourceTree = "<group>"; };
		6793AF5E29C95062009C16FD /* RMCharacter.swift */ = {isa = PBXFileReference; lastKnownFileType = sourcecode.swift; path = RMCharacter.swift; sourceTree = "<group>"; };
		6793AF6029C9507D009C16FD /* RMEpisode.swift */ = {isa = PBXFileReference; lastKnownFileType = sourcecode.swift; path = RMEpisode.swift; sourceTree = "<group>"; };
		6793AF6E29C95703009C16FD /* RMTabBarViewController.swift */ = {isa = PBXFileReference; lastKnownFileType = sourcecode.swift; path = RMTabBarViewController.swift; sourceTree = "<group>"; };
		6793AF7029C957EF009C16FD /* RMCharacterViewController.swift */ = {isa = PBXFileReference; lastKnownFileType = sourcecode.swift; path = RMCharacterViewController.swift; sourceTree = "<group>"; };
		6793AF7229C958D1009C16FD /* RMLocationViewController.swift */ = {isa = PBXFileReference; lastKnownFileType = sourcecode.swift; path = RMLocationViewController.swift; sourceTree = "<group>"; };
		6793AF7429C958F0009C16FD /* RMEpisodeViewController.swift */ = {isa = PBXFileReference; lastKnownFileType = sourcecode.swift; path = RMEpisodeViewController.swift; sourceTree = "<group>"; };
		6793AF7629C9591B009C16FD /* RMSettingsViewController.swift */ = {isa = PBXFileReference; lastKnownFileType = sourcecode.swift; path = RMSettingsViewController.swift; sourceTree = "<group>"; };
		6793AF7829C97957009C16FD /* RMService.swift */ = {isa = PBXFileReference; lastKnownFileType = sourcecode.swift; path = RMService.swift; sourceTree = "<group>"; };
		6793AF7A29C9797E009C16FD /* RMRequest.swift */ = {isa = PBXFileReference; lastKnownFileType = sourcecode.swift; path = RMRequest.swift; sourceTree = "<group>"; };
		6793AF7C29C97A8E009C16FD /* RMEndpoint.swift */ = {isa = PBXFileReference; lastKnownFileType = sourcecode.swift; path = RMEndpoint.swift; sourceTree = "<group>"; };
		67F4C89A29C946C400407ADB /* RickAndMorty.app */ = {isa = PBXFileReference; explicitFileType = wrapper.application; includeInIndex = 0; path = RickAndMorty.app; sourceTree = BUILT_PRODUCTS_DIR; };
		67F4C89D29C946C400407ADB /* AppDelegate.swift */ = {isa = PBXFileReference; lastKnownFileType = sourcecode.swift; path = AppDelegate.swift; sourceTree = "<group>"; };
		67F4C89F29C946C400407ADB /* SceneDelegate.swift */ = {isa = PBXFileReference; lastKnownFileType = sourcecode.swift; path = SceneDelegate.swift; sourceTree = "<group>"; };
		67F4C8A629C946C800407ADB /* Assets.xcassets */ = {isa = PBXFileReference; lastKnownFileType = folder.assetcatalog; path = Assets.xcassets; sourceTree = "<group>"; };
		67F4C8A929C946C800407ADB /* Base */ = {isa = PBXFileReference; lastKnownFileType = file.storyboard; name = Base; path = Base.lproj/LaunchScreen.storyboard; sourceTree = "<group>"; };
		67F4C8AB29C946C800407ADB /* Info.plist */ = {isa = PBXFileReference; lastKnownFileType = text.plist.xml; path = Info.plist; sourceTree = "<group>"; };
/* End PBXFileReference section */

/* Begin PBXFrameworksBuildPhase section */
		67F4C89729C946C400407ADB /* Frameworks */ = {
			isa = PBXFrameworksBuildPhase;
			buildActionMask = 2147483647;
			files = (
			);
			runOnlyForDeploymentPostprocessing = 0;
		};
/* End PBXFrameworksBuildPhase section */

/* Begin PBXGroup section */
		6793AF5329C94E67009C16FD /* Controllers */ = {
			isa = PBXGroup;
			children = (
				6793AF6429C9516D009C16FD /* Core */,
			);
			path = Controllers;
			sourceTree = "<group>";
		};
		6793AF5429C94E84009C16FD /* Models */ = {
			isa = PBXGroup;
			children = (
				6793AF5C29C9503E009C16FD /* RMLocation.swift */,
				6793AF5E29C95062009C16FD /* RMCharacter.swift */,
				6793AF6029C9507D009C16FD /* RMEpisode.swift */,
			);
			path = Models;
			sourceTree = "<group>";
		};
		6793AF5529C94E96009C16FD /* Views */ = {
			isa = PBXGroup;
			children = (
			);
			path = Views;
			sourceTree = "<group>";
		};
		6793AF5629C94EA5009C16FD /* ViewModels */ = {
			isa = PBXGroup;
			children = (
			);
			path = ViewModels;
			sourceTree = "<group>";
		};
		6793AF5929C94F1E009C16FD /* APIClient */ = {
			isa = PBXGroup;
			children = (
				6793AF7829C97957009C16FD /* RMService.swift */,
				6793AF7A29C9797E009C16FD /* RMRequest.swift */,
				6793AF7C29C97A8E009C16FD /* RMEndpoint.swift */,
			);
			path = APIClient;
			sourceTree = "<group>";
		};
		6793AF5A29C94F53009C16FD /* Managers */ = {
			isa = PBXGroup;
			children = (
			);
			path = Managers;
			sourceTree = "<group>";
		};
		6793AF5B29C94F63009C16FD /* Resources */ = {
			isa = PBXGroup;
			children = (
				67F4C8A629C946C800407ADB /* Assets.xcassets */,
				67F4C8A829C946C800407ADB /* LaunchScreen.storyboard */,
				67F4C89D29C946C400407ADB /* AppDelegate.swift */,
				67F4C89F29C946C400407ADB /* SceneDelegate.swift */,
			);
			path = Resources;
			sourceTree = "<group>";
		};
		6793AF6429C9516D009C16FD /* Core */ = {
			isa = PBXGroup;
			children = (
				6793AF6E29C95703009C16FD /* RMTabBarViewController.swift */,
				6793AF7029C957EF009C16FD /* RMCharacterViewController.swift */,
				6793AF7229C958D1009C16FD /* RMLocationViewController.swift */,
				6793AF7429C958F0009C16FD /* RMEpisodeViewController.swift */,
				6793AF7629C9591B009C16FD /* RMSettingsViewController.swift */,
			);
			path = Core;
			sourceTree = "<group>";
		};
		67F4C89129C946C400407ADB = {
			isa = PBXGroup;
			children = (
				67F4C89C29C946C400407ADB /* RickAndMorty */,
				67F4C89B29C946C400407ADB /* Products */,
			);
			sourceTree = "<group>";
		};
		67F4C89B29C946C400407ADB /* Products */ = {
			isa = PBXGroup;
			children = (
				67F4C89A29C946C400407ADB /* RickAndMorty.app */,
			);
			name = Products;
			sourceTree = "<group>";
		};
		67F4C89C29C946C400407ADB /* RickAndMorty */ = {
			isa = PBXGroup;
			children = (
				6793AF5B29C94F63009C16FD /* Resources */,
				6793AF5A29C94F53009C16FD /* Managers */,
				6793AF5929C94F1E009C16FD /* APIClient */,
				6793AF5629C94EA5009C16FD /* ViewModels */,
				6793AF5529C94E96009C16FD /* Views */,
				6793AF5429C94E84009C16FD /* Models */,
				6793AF5329C94E67009C16FD /* Controllers */,
				67F4C8AB29C946C800407ADB /* Info.plist */,
			);
			path = RickAndMorty;
			sourceTree = "<group>";
		};
/* End PBXGroup section */

/* Begin PBXNativeTarget section */
		67F4C89929C946C400407ADB /* RickAndMorty */ = {
			isa = PBXNativeTarget;
			buildConfigurationList = 67F4C8AE29C946C900407ADB /* Build configuration list for PBXNativeTarget "RickAndMorty" */;
			buildPhases = (
				67F4C89629C946C400407ADB /* Sources */,
				67F4C89729C946C400407ADB /* Frameworks */,
				67F4C89829C946C400407ADB /* Resources */,
			);
			buildRules = (
			);
			dependencies = (
			);
			name = RickAndMorty;
			productName = RickAndMorty;
			productReference = 67F4C89A29C946C400407ADB /* RickAndMorty.app */;
			productType = "com.apple.product-type.application";
		};
/* End PBXNativeTarget section */

/* Begin PBXProject section */
		67F4C89229C946C400407ADB /* Project object */ = {
			isa = PBXProject;
			attributes = {
				BuildIndependentTargetsInParallel = 1;
				LastSwiftUpdateCheck = 1420;
				LastUpgradeCheck = 1420;
				TargetAttributes = {
					67F4C89929C946C400407ADB = {
						CreatedOnToolsVersion = 14.2;
					};
				};
			};
			buildConfigurationList = 67F4C89529C946C400407ADB /* Build configuration list for PBXProject "RickAndMorty" */;
			compatibilityVersion = "Xcode 14.0";
			developmentRegion = en;
			hasScannedForEncodings = 0;
			knownRegions = (
				en,
				Base,
			);
			mainGroup = 67F4C89129C946C400407ADB;
			productRefGroup = 67F4C89B29C946C400407ADB /* Products */;
			projectDirPath = "";
			projectRoot = "";
			targets = (
				67F4C89929C946C400407ADB /* RickAndMorty */,
			);
		};
/* End PBXProject section */

/* Begin PBXResourcesBuildPhase section */
		67F4C89829C946C400407ADB /* Resources */ = {
			isa = PBXResourcesBuildPhase;
			buildActionMask = 2147483647;
			files = (
				67F4C8AA29C946C800407ADB /* LaunchScreen.storyboard in Resources */,
				67F4C8A729C946C800407ADB /* Assets.xcassets in Resources */,
			);
			runOnlyForDeploymentPostprocessing = 0;
		};
/* End PBXResourcesBuildPhase section */

/* Begin PBXSourcesBuildPhase section */
		67F4C89629C946C400407ADB /* Sources */ = {
			isa = PBXSourcesBuildPhase;
			buildActionMask = 2147483647;
			files = (
				6793AF7329C958D1009C16FD /* RMLocationViewController.swift in Sources */,
				6793AF6129C9507D009C16FD /* RMEpisode.swift in Sources */,
				67F4C89E29C946C400407ADB /* AppDelegate.swift in Sources */,
				6793AF7529C958F0009C16FD /* RMEpisodeViewController.swift in Sources */,
				67F4C8A029C946C400407ADB /* SceneDelegate.swift in Sources */,
				6793AF6F29C95704009C16FD /* RMTabBarViewController.swift in Sources */,
				6793AF7729C9591B009C16FD /* RMSettingsViewController.swift in Sources */,
				6793AF7929C97958009C16FD /* RMService.swift in Sources */,
				6793AF5D29C9503E009C16FD /* RMLocation.swift in Sources */,
				6793AF7D29C97A8E009C16FD /* RMEndpoint.swift in Sources */,
				6793AF5F29C95062009C16FD /* RMCharacter.swift in Sources */,
				6793AF7B29C9797E009C16FD /* RMRequest.swift in Sources */,
				6793AF7129C957EF009C16FD /* RMCharacterViewController.swift in Sources */,
			);
			runOnlyForDeploymentPostprocessing = 0;
		};
/* End PBXSourcesBuildPhase section */

/* Begin PBXVariantGroup section */
		67F4C8A829C946C800407ADB /* LaunchScreen.storyboard */ = {
			isa = PBXVariantGroup;
			children = (
				67F4C8A929C946C800407ADB /* Base */,
			);
			name = LaunchScreen.storyboard;
			sourceTree = "<group>";
		};
/* End PBXVariantGroup section */

/* Begin XCBuildConfiguration section */
		67F4C8AC29C946C900407ADB /* Debug */ = {
			isa = XCBuildConfiguration;
			buildSettings = {
				ALWAYS_SEARCH_USER_PATHS = NO;
				CLANG_ANALYZER_NONNULL = YES;
				CLANG_ANALYZER_NUMBER_OBJECT_CONVERSION = YES_AGGRESSIVE;
				CLANG_CXX_LANGUAGE_STANDARD = "gnu++20";
				CLANG_ENABLE_MODULES = YES;
				CLANG_ENABLE_OBJC_ARC = YES;
				CLANG_ENABLE_OBJC_WEAK = YES;
				CLANG_WARN_BLOCK_CAPTURE_AUTORELEASING = YES;
				CLANG_WARN_BOOL_CONVERSION = YES;
				CLANG_WARN_COMMA = YES;
				CLANG_WARN_CONSTANT_CONVERSION = YES;
				CLANG_WARN_DEPRECATED_OBJC_IMPLEMENTATIONS = YES;
				CLANG_WARN_DIRECT_OBJC_ISA_USAGE = YES_ERROR;
				CLANG_WARN_DOCUMENTATION_COMMENTS = YES;
				CLANG_WARN_EMPTY_BODY = YES;
				CLANG_WARN_ENUM_CONVERSION = YES;
				CLANG_WARN_INFINITE_RECURSION = YES;
				CLANG_WARN_INT_CONVERSION = YES;
				CLANG_WARN_NON_LITERAL_NULL_CONVERSION = YES;
				CLANG_WARN_OBJC_IMPLICIT_RETAIN_SELF = YES;
				CLANG_WARN_OBJC_LITERAL_CONVERSION = YES;
				CLANG_WARN_OBJC_ROOT_CLASS = YES_ERROR;
				CLANG_WARN_QUOTED_INCLUDE_IN_FRAMEWORK_HEADER = YES;
				CLANG_WARN_RANGE_LOOP_ANALYSIS = YES;
				CLANG_WARN_STRICT_PROTOTYPES = YES;
				CLANG_WARN_SUSPICIOUS_MOVE = YES;
				CLANG_WARN_UNGUARDED_AVAILABILITY = YES_AGGRESSIVE;
				CLANG_WARN_UNREACHABLE_CODE = YES;
				CLANG_WARN__DUPLICATE_METHOD_MATCH = YES;
				COPY_PHASE_STRIP = NO;
				DEBUG_INFORMATION_FORMAT = dwarf;
				ENABLE_STRICT_OBJC_MSGSEND = YES;
				ENABLE_TESTABILITY = YES;
				GCC_C_LANGUAGE_STANDARD = gnu11;
				GCC_DYNAMIC_NO_PIC = NO;
				GCC_NO_COMMON_BLOCKS = YES;
				GCC_OPTIMIZATION_LEVEL = 0;
				GCC_PREPROCESSOR_DEFINITIONS = (
					"DEBUG=1",
					"$(inherited)",
				);
				GCC_WARN_64_TO_32_BIT_CONVERSION = YES;
				GCC_WARN_ABOUT_RETURN_TYPE = YES_ERROR;
				GCC_WARN_UNDECLARED_SELECTOR = YES;
				GCC_WARN_UNINITIALIZED_AUTOS = YES_AGGRESSIVE;
				GCC_WARN_UNUSED_FUNCTION = YES;
				GCC_WARN_UNUSED_VARIABLE = YES;
				IPHONEOS_DEPLOYMENT_TARGET = 16.2;
				MTL_ENABLE_DEBUG_INFO = INCLUDE_SOURCE;
				MTL_FAST_MATH = YES;
				ONLY_ACTIVE_ARCH = YES;
				SDKROOT = iphoneos;
				SWIFT_ACTIVE_COMPILATION_CONDITIONS = DEBUG;
				SWIFT_OPTIMIZATION_LEVEL = "-Onone";
			};
			name = Debug;
		};
		67F4C8AD29C946C900407ADB /* Release */ = {
			isa = XCBuildConfiguration;
			buildSettings = {
				ALWAYS_SEARCH_USER_PATHS = NO;
				CLANG_ANALYZER_NONNULL = YES;
				CLANG_ANALYZER_NUMBER_OBJECT_CONVERSION = YES_AGGRESSIVE;
				CLANG_CXX_LANGUAGE_STANDARD = "gnu++20";
				CLANG_ENABLE_MODULES = YES;
				CLANG_ENABLE_OBJC_ARC = YES;
				CLANG_ENABLE_OBJC_WEAK = YES;
				CLANG_WARN_BLOCK_CAPTURE_AUTORELEASING = YES;
				CLANG_WARN_BOOL_CONVERSION = YES;
				CLANG_WARN_COMMA = YES;
				CLANG_WARN_CONSTANT_CONVERSION = YES;
				CLANG_WARN_DEPRECATED_OBJC_IMPLEMENTATIONS = YES;
				CLANG_WARN_DIRECT_OBJC_ISA_USAGE = YES_ERROR;
				CLANG_WARN_DOCUMENTATION_COMMENTS = YES;
				CLANG_WARN_EMPTY_BODY = YES;
				CLANG_WARN_ENUM_CONVERSION = YES;
				CLANG_WARN_INFINITE_RECURSION = YES;
				CLANG_WARN_INT_CONVERSION = YES;
				CLANG_WARN_NON_LITERAL_NULL_CONVERSION = YES;
				CLANG_WARN_OBJC_IMPLICIT_RETAIN_SELF = YES;
				CLANG_WARN_OBJC_LITERAL_CONVERSION = YES;
				CLANG_WARN_OBJC_ROOT_CLASS = YES_ERROR;
				CLANG_WARN_QUOTED_INCLUDE_IN_FRAMEWORK_HEADER = YES;
				CLANG_WARN_RANGE_LOOP_ANALYSIS = YES;
				CLANG_WARN_STRICT_PROTOTYPES = YES;
				CLANG_WARN_SUSPICIOUS_MOVE = YES;
				CLANG_WARN_UNGUARDED_AVAILABILITY = YES_AGGRESSIVE;
				CLANG_WARN_UNREACHABLE_CODE = YES;
				CLANG_WARN__DUPLICATE_METHOD_MATCH = YES;
				COPY_PHASE_STRIP = NO;
				DEBUG_INFORMATION_FORMAT = "dwarf-with-dsym";
				ENABLE_NS_ASSERTIONS = NO;
				ENABLE_STRICT_OBJC_MSGSEND = YES;
				GCC_C_LANGUAGE_STANDARD = gnu11;
				GCC_NO_COMMON_BLOCKS = YES;
				GCC_WARN_64_TO_32_BIT_CONVERSION = YES;
				GCC_WARN_ABOUT_RETURN_TYPE = YES_ERROR;
				GCC_WARN_UNDECLARED_SELECTOR = YES;
				GCC_WARN_UNINITIALIZED_AUTOS = YES_AGGRESSIVE;
				GCC_WARN_UNUSED_FUNCTION = YES;
				GCC_WARN_UNUSED_VARIABLE = YES;
				IPHONEOS_DEPLOYMENT_TARGET = 16.2;
				MTL_ENABLE_DEBUG_INFO = NO;
				MTL_FAST_MATH = YES;
				SDKROOT = iphoneos;
				SWIFT_COMPILATION_MODE = wholemodule;
				SWIFT_OPTIMIZATION_LEVEL = "-O";
				VALIDATE_PRODUCT = YES;
			};
			name = Release;
		};
		67F4C8AF29C946C900407ADB /* Debug */ = {
			isa = XCBuildConfiguration;
			buildSettings = {
				ASSETCATALOG_COMPILER_APPICON_NAME = AppIcon;
				ASSETCATALOG_COMPILER_GLOBAL_ACCENT_COLOR_NAME = AccentColor;
				CODE_SIGN_STYLE = Automatic;
				CURRENT_PROJECT_VERSION = 1;
				DEVELOPMENT_TEAM = V4LDZ6DY6U;
				GENERATE_INFOPLIST_FILE = YES;
				INFOPLIST_FILE = RickAndMorty/Info.plist;
				INFOPLIST_KEY_UIApplicationSupportsIndirectInputEvents = YES;
				INFOPLIST_KEY_UILaunchStoryboardName = LaunchScreen;
				INFOPLIST_KEY_UISupportedInterfaceOrientations_iPad = "UIInterfaceOrientationPortrait UIInterfaceOrientationPortraitUpsideDown UIInterfaceOrientationLandscapeLeft UIInterfaceOrientationLandscapeRight";
				INFOPLIST_KEY_UISupportedInterfaceOrientations_iPhone = "UIInterfaceOrientationPortrait UIInterfaceOrientationLandscapeLeft UIInterfaceOrientationLandscapeRight";
				LD_RUNPATH_SEARCH_PATHS = (
					"$(inherited)",
					"@executable_path/Frameworks",
				);
				MARKETING_VERSION = 1.0;
				PRODUCT_BUNDLE_IDENTIFIER = com.wendyios.RickAndMorty;
				PRODUCT_NAME = "$(TARGET_NAME)";
				SWIFT_EMIT_LOC_STRINGS = YES;
				SWIFT_VERSION = 5.0;
				TARGETED_DEVICE_FAMILY = "1,2";
			};
			name = Debug;
		};
		67F4C8B029C946C900407ADB /* Release */ = {
			isa = XCBuildConfiguration;
			buildSettings = {
				ASSETCATALOG_COMPILER_APPICON_NAME = AppIcon;
				ASSETCATALOG_COMPILER_GLOBAL_ACCENT_COLOR_NAME = AccentColor;
				CODE_SIGN_STYLE = Automatic;
				CURRENT_PROJECT_VERSION = 1;
				DEVELOPMENT_TEAM = V4LDZ6DY6U;
				GENERATE_INFOPLIST_FILE = YES;
				INFOPLIST_FILE = RickAndMorty/Info.plist;
				INFOPLIST_KEY_UIApplicationSupportsIndirectInputEvents = YES;
				INFOPLIST_KEY_UILaunchStoryboardName = LaunchScreen;
				INFOPLIST_KEY_UISupportedInterfaceOrientations_iPad = "UIInterfaceOrientationPortrait UIInterfaceOrientationPortraitUpsideDown UIInterfaceOrientationLandscapeLeft UIInterfaceOrientationLandscapeRight";
				INFOPLIST_KEY_UISupportedInterfaceOrientations_iPhone = "UIInterfaceOrientationPortrait UIInterfaceOrientationLandscapeLeft UIInterfaceOrientationLandscapeRight";
				LD_RUNPATH_SEARCH_PATHS = (
					"$(inherited)",
					"@executable_path/Frameworks",
				);
				MARKETING_VERSION = 1.0;
				PRODUCT_BUNDLE_IDENTIFIER = com.wendyios.RickAndMorty;
				PRODUCT_NAME = "$(TARGET_NAME)";
				SWIFT_EMIT_LOC_STRINGS = YES;
				SWIFT_VERSION = 5.0;
				TARGETED_DEVICE_FAMILY = "1,2";
			};
			name = Release;
		};
/* End XCBuildConfiguration section */

/* Begin XCConfigurationList section */
		67F4C89529C946C400407ADB /* Build configuration list for PBXProject "RickAndMorty" */ = {
			isa = XCConfigurationList;
			buildConfigurations = (
				67F4C8AC29C946C900407ADB /* Debug */,
				67F4C8AD29C946C900407ADB /* Release */,
			);
			defaultConfigurationIsVisible = 0;
			defaultConfigurationName = Release;
		};
		67F4C8AE29C946C900407ADB /* Build configuration list for PBXNativeTarget "RickAndMorty" */ = {
			isa = XCConfigurationList;
			buildConfigurations = (
				67F4C8AF29C946C900407ADB /* Debug */,
				67F4C8B029C946C900407ADB /* Release */,
			);
			defaultConfigurationIsVisible = 0;
			defaultConfigurationName = Release;
		};
/* End XCConfigurationList section */
	};
	rootObject = 67F4C89229C946C400407ADB /* Project object */;
}
